
Microsoft Visual Studio Solution File, Format Version 12.00
# Visual Studio Version 16
VisualStudioVersion = 16.0.30804.86
MinimumVisualStudioVersion = 10.0.40219.1
Project("{8BC9CEB8-8B4A-11D0-8D11-00A0C91BC942}") = "11-3", "11-3\11-3.vcxproj", "{37E4A0F3-32B3-45D4-9B90-743D38F719A2}"
EndProject
Global
	GlobalSection(SolutionConfigurationPlatforms) = preSolution
		Debug|x64 = Debug|x64
		Debug|x86 = Debug|x86
		Release|x64 = Release|x64
		Release|x86 = Release|x86
	EndGlobalSection
	GlobalSection(ProjectConfigurationPlatforms) = postSolution
		{37E4A0F3-32B3-45D4-9B90-743D38F719A2}.Debug|x64.ActiveCfg = Debug|x64
		{37E4A0F3-32B3-45D4-9B90-743D38F719A2}.Debug|x64.Build.0 = Debug|x64
		{37E4A0F3-32B3-45D4-9B90-743D38F719A2}.Debug|x86.ActiveCfg = Debug|Win32
		{37E4A0F3-32B3-45D4-9B90-743D38F719A2}.Debug|x86.Build.0 = Debug|Win32
		{37E4A0F3-32B3-45D4-9B90-743D38F719A2}.Release|x64.ActiveCfg = Release|x64
		{37E4A0F3-32B3-45D4-9B90-743D38F719A2}.Release|x64.Build.0 = Release|x64
		{37E4A0F3-32B3-45D4-9B90-743D38F719A2}.Release|x86.ActiveCfg = Release|Win32
		{37E4A0F3-32B3-45D4-9B90-743D38F719A2}.Release|x86.Build.0 = Release|Win32
	EndGlobalSection
	GlobalSection(SolutionProperties) = preSolution
		HideSolutionNode = FALSE
	EndGlobalSection
	GlobalSection(ExtensibilityGlobals) = postSolution
		SolutionGuid = {F2F8A357-8C71-4575-8056-C8DD1E1AA786}
	EndGlobalSection
EndGlobal
