
Microsoft Visual Studio Solution File, Format Version 12.00
# Visual Studio Version 16
VisualStudioVersion = 16.0.30804.86
MinimumVisualStudioVersion = 10.0.40219.1
Project("{8BC9CEB8-8B4A-11D0-8D11-00A0C91BC942}") = "4-9", "4-9\4-9.vcxproj", "{D110A8CF-73C1-45FE-9ACC-C12410A3B899}"
EndProject
Global
	GlobalSection(SolutionConfigurationPlatforms) = preSolution
		Debug|x64 = Debug|x64
		Debug|x86 = Debug|x86
		Release|x64 = Release|x64
		Release|x86 = Release|x86
	EndGlobalSection
	GlobalSection(ProjectConfigurationPlatforms) = postSolution
		{D110A8CF-73C1-45FE-9ACC-C12410A3B899}.Debug|x64.ActiveCfg = Debug|x64
		{D110A8CF-73C1-45FE-9ACC-C12410A3B899}.Debug|x64.Build.0 = Debug|x64
		{D110A8CF-73C1-45FE-9ACC-C12410A3B899}.Debug|x86.ActiveCfg = Debug|Win32
		{D110A8CF-73C1-45FE-9ACC-C12410A3B899}.Debug|x86.Build.0 = Debug|Win32
		{D110A8CF-73C1-45FE-9ACC-C12410A3B899}.Release|x64.ActiveCfg = Release|x64
		{D110A8CF-73C1-45FE-9ACC-C12410A3B899}.Release|x64.Build.0 = Release|x64
		{D110A8CF-73C1-45FE-9ACC-C12410A3B899}.Release|x86.ActiveCfg = Release|Win32
		{D110A8CF-73C1-45FE-9ACC-C12410A3B899}.Release|x86.Build.0 = Release|Win32
	EndGlobalSection
	GlobalSection(SolutionProperties) = preSolution
		HideSolutionNode = FALSE
	EndGlobalSection
	GlobalSection(ExtensibilityGlobals) = postSolution
		SolutionGuid = {FFE4C8B9-D024-4BDD-B4DF-DA6D7892121B}
	EndGlobalSection
EndGlobal
