
Microsoft Visual Studio Solution File, Format Version 12.00
# Visual Studio Version 16
VisualStudioVersion = 16.0.30804.86
MinimumVisualStudioVersion = 10.0.40219.1
Project("{8BC9CEB8-8B4A-11D0-8D11-00A0C91BC942}") = "15-6", "15-6\15-6.vcxproj", "{1C133EDA-CE3D-452C-B325-255B0B19FE66}"
EndProject
Global
	GlobalSection(SolutionConfigurationPlatforms) = preSolution
		Debug|x64 = Debug|x64
		Debug|x86 = Debug|x86
		Release|x64 = Release|x64
		Release|x86 = Release|x86
	EndGlobalSection
	GlobalSection(ProjectConfigurationPlatforms) = postSolution
		{1C133EDA-CE3D-452C-B325-255B0B19FE66}.Debug|x64.ActiveCfg = Debug|x64
		{1C133EDA-CE3D-452C-B325-255B0B19FE66}.Debug|x64.Build.0 = Debug|x64
		{1C133EDA-CE3D-452C-B325-255B0B19FE66}.Debug|x86.ActiveCfg = Debug|Win32
		{1C133EDA-CE3D-452C-B325-255B0B19FE66}.Debug|x86.Build.0 = Debug|Win32
		{1C133EDA-CE3D-452C-B325-255B0B19FE66}.Release|x64.ActiveCfg = Release|x64
		{1C133EDA-CE3D-452C-B325-255B0B19FE66}.Release|x64.Build.0 = Release|x64
		{1C133EDA-CE3D-452C-B325-255B0B19FE66}.Release|x86.ActiveCfg = Release|Win32
		{1C133EDA-CE3D-452C-B325-255B0B19FE66}.Release|x86.Build.0 = Release|Win32
	EndGlobalSection
	GlobalSection(SolutionProperties) = preSolution
		HideSolutionNode = FALSE
	EndGlobalSection
	GlobalSection(ExtensibilityGlobals) = postSolution
		SolutionGuid = {A1CAD141-E4CC-4371-8675-648D5F21DBC5}
	EndGlobalSection
EndGlobal
