
Microsoft Visual Studio Solution File, Format Version 12.00
# Visual Studio Version 16
VisualStudioVersion = 16.0.30804.86
MinimumVisualStudioVersion = 10.0.40219.1
Project("{8BC9CEB8-8B4A-11D0-8D11-00A0C91BC942}") = "15-4", "15-4\15-4.vcxproj", "{D9BBD865-FCF3-4E27-AD15-BCC0B5F9A6AC}"
EndProject
Global
	GlobalSection(SolutionConfigurationPlatforms) = preSolution
		Debug|x64 = Debug|x64
		Debug|x86 = Debug|x86
		Release|x64 = Release|x64
		Release|x86 = Release|x86
	EndGlobalSection
	GlobalSection(ProjectConfigurationPlatforms) = postSolution
		{D9BBD865-FCF3-4E27-AD15-BCC0B5F9A6AC}.Debug|x64.ActiveCfg = Debug|x64
		{D9BBD865-FCF3-4E27-AD15-BCC0B5F9A6AC}.Debug|x64.Build.0 = Debug|x64
		{D9BBD865-FCF3-4E27-AD15-BCC0B5F9A6AC}.Debug|x86.ActiveCfg = Debug|Win32
		{D9BBD865-FCF3-4E27-AD15-BCC0B5F9A6AC}.Debug|x86.Build.0 = Debug|Win32
		{D9BBD865-FCF3-4E27-AD15-BCC0B5F9A6AC}.Release|x64.ActiveCfg = Release|x64
		{D9BBD865-FCF3-4E27-AD15-BCC0B5F9A6AC}.Release|x64.Build.0 = Release|x64
		{D9BBD865-FCF3-4E27-AD15-BCC0B5F9A6AC}.Release|x86.ActiveCfg = Release|Win32
		{D9BBD865-FCF3-4E27-AD15-BCC0B5F9A6AC}.Release|x86.Build.0 = Release|Win32
	EndGlobalSection
	GlobalSection(SolutionProperties) = preSolution
		HideSolutionNode = FALSE
	EndGlobalSection
	GlobalSection(ExtensibilityGlobals) = postSolution
		SolutionGuid = {C3FF07D8-775F-4D78-9E63-92FACA143397}
	EndGlobalSection
EndGlobal
