
Microsoft Visual Studio Solution File, Format Version 12.00
# Visual Studio Version 16
VisualStudioVersion = 16.0.30804.86
MinimumVisualStudioVersion = 10.0.40219.1
Project("{8BC9CEB8-8B4A-11D0-8D11-00A0C91BC942}") = "6-12", "6-12\6-12.vcxproj", "{C238D7B0-8912-41D6-8C81-06DFD575D1BE}"
EndProject
Global
	GlobalSection(SolutionConfigurationPlatforms) = preSolution
		Debug|x64 = Debug|x64
		Debug|x86 = Debug|x86
		Release|x64 = Release|x64
		Release|x86 = Release|x86
	EndGlobalSection
	GlobalSection(ProjectConfigurationPlatforms) = postSolution
		{C238D7B0-8912-41D6-8C81-06DFD575D1BE}.Debug|x64.ActiveCfg = Debug|x64
		{C238D7B0-8912-41D6-8C81-06DFD575D1BE}.Debug|x64.Build.0 = Debug|x64
		{C238D7B0-8912-41D6-8C81-06DFD575D1BE}.Debug|x86.ActiveCfg = Debug|Win32
		{C238D7B0-8912-41D6-8C81-06DFD575D1BE}.Debug|x86.Build.0 = Debug|Win32
		{C238D7B0-8912-41D6-8C81-06DFD575D1BE}.Release|x64.ActiveCfg = Release|x64
		{C238D7B0-8912-41D6-8C81-06DFD575D1BE}.Release|x64.Build.0 = Release|x64
		{C238D7B0-8912-41D6-8C81-06DFD575D1BE}.Release|x86.ActiveCfg = Release|Win32
		{C238D7B0-8912-41D6-8C81-06DFD575D1BE}.Release|x86.Build.0 = Release|Win32
	EndGlobalSection
	GlobalSection(SolutionProperties) = preSolution
		HideSolutionNode = FALSE
	EndGlobalSection
	GlobalSection(ExtensibilityGlobals) = postSolution
		SolutionGuid = {6A0B08B6-AE92-4046-B051-1DAB50BB5A7B}
	EndGlobalSection
EndGlobal
