
Microsoft Visual Studio Solution File, Format Version 12.00
# Visual Studio Version 16
VisualStudioVersion = 16.0.30804.86
MinimumVisualStudioVersion = 10.0.40219.1
Project("{8BC9CEB8-8B4A-11D0-8D11-00A0C91BC942}") = "10-2", "10-2\10-2.vcxproj", "{B7ED0B70-28A7-4080-BB5F-EAA4ADB849ED}"
EndProject
Global
	GlobalSection(SolutionConfigurationPlatforms) = preSolution
		Debug|x64 = Debug|x64
		Debug|x86 = Debug|x86
		Release|x64 = Release|x64
		Release|x86 = Release|x86
	EndGlobalSection
	GlobalSection(ProjectConfigurationPlatforms) = postSolution
		{B7ED0B70-28A7-4080-BB5F-EAA4ADB849ED}.Debug|x64.ActiveCfg = Debug|x64
		{B7ED0B70-28A7-4080-BB5F-EAA4ADB849ED}.Debug|x64.Build.0 = Debug|x64
		{B7ED0B70-28A7-4080-BB5F-EAA4ADB849ED}.Debug|x86.ActiveCfg = Debug|Win32
		{B7ED0B70-28A7-4080-BB5F-EAA4ADB849ED}.Debug|x86.Build.0 = Debug|Win32
		{B7ED0B70-28A7-4080-BB5F-EAA4ADB849ED}.Release|x64.ActiveCfg = Release|x64
		{B7ED0B70-28A7-4080-BB5F-EAA4ADB849ED}.Release|x64.Build.0 = Release|x64
		{B7ED0B70-28A7-4080-BB5F-EAA4ADB849ED}.Release|x86.ActiveCfg = Release|Win32
		{B7ED0B70-28A7-4080-BB5F-EAA4ADB849ED}.Release|x86.Build.0 = Release|Win32
	EndGlobalSection
	GlobalSection(SolutionProperties) = preSolution
		HideSolutionNode = FALSE
	EndGlobalSection
	GlobalSection(ExtensibilityGlobals) = postSolution
		SolutionGuid = {9B4511AE-8E4C-46EE-B978-ECCEA619997A}
	EndGlobalSection
EndGlobal
