
Microsoft Visual Studio Solution File, Format Version 12.00
# Visual Studio Version 16
VisualStudioVersion = 16.0.30804.86
MinimumVisualStudioVersion = 10.0.40219.1
Project("{8BC9CEB8-8B4A-11D0-8D11-00A0C91BC942}") = "6-11", "6-11\6-11.vcxproj", "{AF28C674-D77C-4D57-BDBE-83071FA8BDB5}"
EndProject
Global
	GlobalSection(SolutionConfigurationPlatforms) = preSolution
		Debug|x64 = Debug|x64
		Debug|x86 = Debug|x86
		Release|x64 = Release|x64
		Release|x86 = Release|x86
	EndGlobalSection
	GlobalSection(ProjectConfigurationPlatforms) = postSolution
		{AF28C674-D77C-4D57-BDBE-83071FA8BDB5}.Debug|x64.ActiveCfg = Debug|x64
		{AF28C674-D77C-4D57-BDBE-83071FA8BDB5}.Debug|x64.Build.0 = Debug|x64
		{AF28C674-D77C-4D57-BDBE-83071FA8BDB5}.Debug|x86.ActiveCfg = Debug|Win32
		{AF28C674-D77C-4D57-BDBE-83071FA8BDB5}.Debug|x86.Build.0 = Debug|Win32
		{AF28C674-D77C-4D57-BDBE-83071FA8BDB5}.Release|x64.ActiveCfg = Release|x64
		{AF28C674-D77C-4D57-BDBE-83071FA8BDB5}.Release|x64.Build.0 = Release|x64
		{AF28C674-D77C-4D57-BDBE-83071FA8BDB5}.Release|x86.ActiveCfg = Release|Win32
		{AF28C674-D77C-4D57-BDBE-83071FA8BDB5}.Release|x86.Build.0 = Release|Win32
	EndGlobalSection
	GlobalSection(SolutionProperties) = preSolution
		HideSolutionNode = FALSE
	EndGlobalSection
	GlobalSection(ExtensibilityGlobals) = postSolution
		SolutionGuid = {9F1DFD90-D635-4637-8288-B9D5D18B28D9}
	EndGlobalSection
EndGlobal
