
Microsoft Visual Studio Solution File, Format Version 12.00
# Visual Studio Version 16
VisualStudioVersion = 16.0.30804.86
MinimumVisualStudioVersion = 10.0.40219.1
Project("{8BC9CEB8-8B4A-11D0-8D11-00A0C91BC942}") = "8-8", "8-8\8-8.vcxproj", "{549900BB-BFEB-488F-9A5B-C2D769EC4547}"
EndProject
Global
	GlobalSection(SolutionConfigurationPlatforms) = preSolution
		Debug|x64 = Debug|x64
		Debug|x86 = Debug|x86
		Release|x64 = Release|x64
		Release|x86 = Release|x86
	EndGlobalSection
	GlobalSection(ProjectConfigurationPlatforms) = postSolution
		{549900BB-BFEB-488F-9A5B-C2D769EC4547}.Debug|x64.ActiveCfg = Debug|x64
		{549900BB-BFEB-488F-9A5B-C2D769EC4547}.Debug|x64.Build.0 = Debug|x64
		{549900BB-BFEB-488F-9A5B-C2D769EC4547}.Debug|x86.ActiveCfg = Debug|Win32
		{549900BB-BFEB-488F-9A5B-C2D769EC4547}.Debug|x86.Build.0 = Debug|Win32
		{549900BB-BFEB-488F-9A5B-C2D769EC4547}.Release|x64.ActiveCfg = Release|x64
		{549900BB-BFEB-488F-9A5B-C2D769EC4547}.Release|x64.Build.0 = Release|x64
		{549900BB-BFEB-488F-9A5B-C2D769EC4547}.Release|x86.ActiveCfg = Release|Win32
		{549900BB-BFEB-488F-9A5B-C2D769EC4547}.Release|x86.Build.0 = Release|Win32
	EndGlobalSection
	GlobalSection(SolutionProperties) = preSolution
		HideSolutionNode = FALSE
	EndGlobalSection
	GlobalSection(ExtensibilityGlobals) = postSolution
		SolutionGuid = {573142EE-AAA2-4AD3-82AB-84FA98E80B3E}
	EndGlobalSection
EndGlobal
